
Microsoft Visual Studio Solution File, Format Version 12.00
# Visual Studio Version 16
VisualStudioVersion = 16.0.31613.86
MinimumVisualStudioVersion = 10.0.40219.1
Project("{FAE04EC0-301F-11D3-BF4B-00C04F79EFBC}") = "Pattern_2", "Pattern_2\Pattern_2.csproj", "{ABB48238-A41F-403B-AE2B-6855F0412611}"
EndProject
Global
	GlobalSection(SolutionConfigurationPlatforms) = preSolution
		Debug|Any CPU = Debug|Any CPU
		Release|Any CPU = Release|Any CPU
	EndGlobalSection
	GlobalSection(ProjectConfigurationPlatforms) = postSolution
		{ABB48238-A41F-403B-AE2B-6855F0412611}.Debug|Any CPU.ActiveCfg = Debug|Any CPU
		{ABB48238-A41F-403B-AE2B-6855F0412611}.Debug|Any CPU.Build.0 = Debug|Any CPU
		{ABB48238-A41F-403B-AE2B-6855F0412611}.Release|Any CPU.ActiveCfg = Release|Any CPU
		{ABB48238-A41F-403B-AE2B-6855F0412611}.Release|Any CPU.Build.0 = Release|Any CPU
	EndGlobalSection
	GlobalSection(SolutionProperties) = preSolution
		HideSolutionNode = FALSE
	EndGlobalSection
	GlobalSection(ExtensibilityGlobals) = postSolution
		SolutionGuid = {59199E76-3A04-446F-9A5A-F944DB5FC31C}
	EndGlobalSection
EndGlobal
